// !$*UTF8*$!
{
	archiveVersion = 1;
	classes = {
	};
	objectVersion = 48;
	objects = {

/* Begin PBXBuildFile section */
		59E3E8102037FA1500F027B3 /* AppDelegate.m in Sources */ = {isa = PBXBuildFile; fileRef = 59E3E80F2037FA1500F027B3 /* AppDelegate.m */; };
		59E3E8132037FA1600F027B3 /* ViewController.m in Sources */ = {isa = PBXBuildFile; fileRef = 59E3E8122037FA1600F027B3 /* ViewController.m */; };
		59E3E8162037FA1600F027B3 /* Main.storyboard in Resources */ = {isa = PBXBuildFile; fileRef = 59E3E8142037FA1600F027B3 /* Main.storyboard */; };
		59E3E8182037FA1600F027B3 /* Assets.xcassets in Resources */ = {isa = PBXBuildFile; fileRef = 59E3E8172037FA1600F027B3 /* Assets.xcassets */; };
		59E3E81B2037FA1600F027B3 /* LaunchScreen.storyboard in Resources */ = {isa = PBXBuildFile; fileRef = 59E3E8192037FA1600F027B3 /* LaunchScreen.storyboard */; };
		59E3E81E2037FA1600F027B3 /* main.m in Sources */ = {isa = PBXBuildFile; fileRef = 59E3E81D2037FA1600F027B3 /* main.m */; };
		59E3E8292037FA6E00F027B3 /* Vegetable.m in Sources */ = {isa = PBXBuildFile; fileRef = 59E3E8282037FA6E00F027B3 /* Vegetable.m */; };
		59E3E82C2037FACF00F027B3 /* VegetableManager.m in Sources */ = {isa = PBXBuildFile; fileRef = 59E3E82B2037FACF00F027B3 /* VegetableManager.m */; };
		59E3E82F2037FBD700F027B3 /* libsqlite3.tbd in Frameworks */ = {isa = PBXBuildFile; fileRef = 59E3E82E2037FBD700F027B3 /* libsqlite3.tbd */; };
/* End PBXBuildFile section */

/* Begin PBXFileReference section */
		59E3E80B2037FA1500F027B3 /* VegManagement.app */ = {isa = PBXFileReference; explicitFileType = wrapper.application; includeInIndex = 0; path = VegManagement.app; sourceTree = BUILT_PRODUCTS_DIR; };
		59E3E80E2037FA1500F027B3 /* AppDelegate.h */ = {isa = PBXFileReference; lastKnownFileType = sourcecode.c.h; path = AppDelegate.h; sourceTree = "<group>"; };
		59E3E80F2037FA1500F027B3 /* AppDelegate.m */ = {isa = PBXFileReference; lastKnownFileType = sourcecode.c.objc; path = AppDelegate.m; sourceTree = "<group>"; };
		59E3E8112037FA1500F027B3 /* ViewController.h */ = {isa = PBXFileReference; lastKnownFileType = sourcecode.c.h; path = ViewController.h; sourceTree = "<group>"; };
		59E3E8122037FA1600F027B3 /* ViewController.m */ = {isa = PBXFileReference; lastKnownFileType = sourcecode.c.objc; path = ViewController.m; sourceTree = "<group>"; };
		59E3E8152037FA1600F027B3 /* Base */ = {isa = PBXFileReference; lastKnownFileType = file.storyboard; name = Base; path = Base.lproj/Main.storyboard; sourceTree = "<group>"; };
		59E3E8172037FA1600F027B3 /* Assets.xcassets */ = {isa = PBXFileReference; lastKnownFileType = folder.assetcatalog; path = Assets.xcassets; sourceTree = "<group>"; };
		59E3E81A2037FA1600F027B3 /* Base */ = {isa = PBXFileReference; lastKnownFileType = file.storyboard; name = Base; path = Base.lproj/LaunchScreen.storyboard; sourceTree = "<group>"; };
		59E3E81C2037FA1600F027B3 /* Info.plist */ = {isa = PBXFileReference; lastKnownFileType = text.plist.xml; path = Info.plist; sourceTree = "<group>"; };
		59E3E81D2037FA1600F027B3 /* main.m */ = {isa = PBXFileReference; lastKnownFileType = sourcecode.c.objc; path = main.m; sourceTree = "<group>"; };
		59E3E8272037FA6E00F027B3 /* Vegetable.h */ = {isa = PBXFileReference; lastKnownFileType = sourcecode.c.h; path = Vegetable.h; sourceTree = "<group>"; };
		59E3E8282037FA6E00F027B3 /* Vegetable.m */ = {isa = PBXFileReference; lastKnownFileType = sourcecode.c.objc; path = Vegetable.m; sourceTree = "<group>"; };
		59E3E82A2037FACF00F027B3 /* VegetableManager.h */ = {isa = PBXFileReference; lastKnownFileType = sourcecode.c.h; path = VegetableManager.h; sourceTree = "<group>"; };
		59E3E82B2037FACF00F027B3 /* VegetableManager.m */ = {isa = PBXFileReference; lastKnownFileType = sourcecode.c.objc; path = VegetableManager.m; sourceTree = "<group>"; };
		59E3E82E2037FBD700F027B3 /* libsqlite3.tbd */ = {isa = PBXFileReference; lastKnownFileType = "sourcecode.text-based-dylib-definition"; name = libsqlite3.tbd; path = usr/lib/libsqlite3.tbd; sourceTree = SDKROOT; };
/* End PBXFileReference section */

/* Begin PBXFrameworksBuildPhase section */
		59E3E8082037FA1500F027B3 /* Frameworks */ = {
			isa = PBXFrameworksBuildPhase;
			buildActionMask = 2147483647;
			files = (
				59E3E82F2037FBD700F027B3 /* libsqlite3.tbd in Frameworks */,
			);
			runOnlyForDeploymentPostprocessing = 0;
		};
/* End PBXFrameworksBuildPhase section */

/* Begin PBXGroup section */
		59E3E8022037FA1500F027B3 = {
			isa = PBXGroup;
			children = (
				59E3E80D2037FA1500F027B3 /* VegManagement */,
				59E3E80C2037FA1500F027B3 /* Products */,
				59E3E82D2037FBD600F027B3 /* Frameworks */,
			);
			sourceTree = "<group>";
		};
		59E3E80C2037FA1500F027B3 /* Products */ = {
			isa = PBXGroup;
			children = (
				59E3E80B2037FA1500F027B3 /* VegManagement.app */,
			);
			name = Products;
			sourceTree = "<group>";
		};
		59E3E80D2037FA1500F027B3 /* VegManagement */ = {
			isa = PBXGroup;
			children = (
				59E3E80E2037FA1500F027B3 /* AppDelegate.h */,
				59E3E80F2037FA1500F027B3 /* AppDelegate.m */,
				59E3E8112037FA1500F027B3 /* ViewController.h */,
				59E3E8122037FA1600F027B3 /* ViewController.m */,
				59E3E8272037FA6E00F027B3 /* Vegetable.h */,
				59E3E8282037FA6E00F027B3 /* Vegetable.m */,
				59E3E82A2037FACF00F027B3 /* VegetableManager.h */,
				59E3E82B2037FACF00F027B3 /* VegetableManager.m */,
				59E3E8142037FA1600F027B3 /* Main.storyboard */,
				59E3E8172037FA1600F027B3 /* Assets.xcassets */,
				59E3E8192037FA1600F027B3 /* LaunchScreen.storyboard */,
				59E3E81C2037FA1600F027B3 /* Info.plist */,
				59E3E81D2037FA1600F027B3 /* main.m */,
			);
			path = VegManagement;
			sourceTree = "<group>";
		};
		59E3E82D2037FBD600F027B3 /* Frameworks */ = {
			isa = PBXGroup;
			children = (
				59E3E82E2037FBD700F027B3 /* libsqlite3.tbd */,
			);
			name = Frameworks;
			sourceTree = "<group>";
		};
/* End PBXGroup section */

/* Begin PBXNativeTarget section */
		59E3E80A2037FA1500F027B3 /* VegManagement */ = {
			isa = PBXNativeTarget;
			buildConfigurationList = 59E3E8212037FA1600F027B3 /* Build configuration list for PBXNativeTarget "VegManagement" */;
			buildPhases = (
				59E3E8072037FA1500F027B3 /* Sources */,
				59E3E8082037FA1500F027B3 /* Frameworks */,
				59E3E8092037FA1500F027B3 /* Resources */,
			);
			buildRules = (
			);
			dependencies = (
			);
			name = VegManagement;
			productName = VegManagement;
			productReference = 59E3E80B2037FA1500F027B3 /* VegManagement.app */;
			productType = "com.apple.product-type.application";
		};
/* End PBXNativeTarget section */

/* Begin PBXProject section */
		59E3E8032037FA1500F027B3 /* Project object */ = {
			isa = PBXProject;
			attributes = {
				LastUpgradeCheck = 0920;
				ORGANIZATIONNAME = MJ;
				TargetAttributes = {
					59E3E80A2037FA1500F027B3 = {
						CreatedOnToolsVersion = 9.2;
						ProvisioningStyle = Automatic;
					};
				};
			};
			buildConfigurationList = 59E3E8062037FA1500F027B3 /* Build configuration list for PBXProject "VegManagement" */;
			compatibilityVersion = "Xcode 8.0";
			developmentRegion = en;
			hasScannedForEncodings = 0;
			knownRegions = (
				en,
				Base,
			);
			mainGroup = 59E3E8022037FA1500F027B3;
			productRefGroup = 59E3E80C2037FA1500F027B3 /* Products */;
			projectDirPath = "";
			projectRoot = "";
			targets = (
				59E3E80A2037FA1500F027B3 /* VegManagement */,
			);
		};
/* End PBXProject section */

/* Begin PBXResourcesBuildPhase section */
		59E3E8092037FA1500F027B3 /* Resources */ = {
			isa = PBXResourcesBuildPhase;
			buildActionMask = 2147483647;
			files = (
				59E3E81B2037FA1600F027B3 /* LaunchScreen.storyboard in Resources */,
				59E3E8182037FA1600F027B3 /* Assets.xcassets in Resources */,
				59E3E8162037FA1600F027B3 /* Main.storyboard in Resources */,
			);
			runOnlyForDeploymentPostprocessing = 0;
		};
/* End PBXResourcesBuildPhase section */

/* Begin PBXSourcesBuildPhase section */
		59E3E8072037FA1500F027B3 /* Sources */ = {
			isa = PBXSourcesBuildPhase;
			buildActionMask = 2147483647;
			files = (
				59E3E8132037FA1600F027B3 /* ViewController.m in Sources */,
				59E3E8292037FA6E00F027B3 /* Vegetable.m in Sources */,
				59E3E81E2037FA1600F027B3 /* main.m in Sources */,
				59E3E8102037FA1500F027B3 /* AppDelegate.m in Sources */,
				59E3E82C2037FACF00F027B3 /* VegetableManager.m in Sources */,
			);
			runOnlyForDeploymentPostprocessing = 0;
		};
/* End PBXSourcesBuildPhase section */

/* Begin PBXVariantGroup section */
		59E3E8142037FA1600F027B3 /* Main.storyboard */ = {
			isa = PBXVariantGroup;
			children = (
				59E3E8152037FA1600F027B3 /* Base */,
			);
			name = Main.storyboard;
			sourceTree = "<group>";
		};
		59E3E8192037FA1600F027B3 /* LaunchScreen.storyboard */ = {
			isa = PBXVariantGroup;
			children = (
				59E3E81A2037FA1600F027B3 /* Base */,
			);
			name = LaunchScreen.storyboard;
			sourceTree = "<group>";
		};
/* End PBXVariantGroup section */

/* Begin XCBuildConfiguration section */
		59E3E81F2037FA1600F027B3 /* Debug */ = {
			isa = XCBuildConfiguration;
			buildSettings = {
				ALWAYS_SEARCH_USER_PATHS = NO;
				CLANG_ANALYZER_NONNULL = YES;
				CLANG_ANALYZER_NUMBER_OBJECT_CONVERSION = YES_AGGRESSIVE;
				CLANG_CXX_LANGUAGE_STANDARD = "gnu++14";
				CLANG_CXX_LIBRARY = "libc++";
				CLANG_ENABLE_MODULES = YES;
				CLANG_ENABLE_OBJC_ARC = YES;
				CLANG_WARN_BLOCK_CAPTURE_AUTORELEASING = YES;
				CLANG_WARN_BOOL_CONVERSION = YES;
				CLANG_WARN_COMMA = YES;
				CLANG_WARN_CONSTANT_CONVERSION = YES;
				CLANG_WARN_DIRECT_OBJC_ISA_USAGE = YES_ERROR;
				CLANG_WARN_DOCUMENTATION_COMMENTS = YES;
				CLANG_WARN_EMPTY_BODY = YES;
				CLANG_WARN_ENUM_CONVERSION = YES;
				CLANG_WARN_INFINITE_RECURSION = YES;
				CLANG_WARN_INT_CONVERSION = YES;
				CLANG_WARN_NON_LITERAL_NULL_CONVERSION = YES;
				CLANG_WARN_OBJC_LITERAL_CONVERSION = YES;
				CLANG_WARN_OBJC_ROOT_CLASS = YES_ERROR;
				CLANG_WARN_RANGE_LOOP_ANALYSIS = YES;
				CLANG_WARN_STRICT_PROTOTYPES = YES;
				CLANG_WARN_SUSPICIOUS_MOVE = YES;
				CLANG_WARN_UNGUARDED_AVAILABILITY = YES_AGGRESSIVE;
				CLANG_WARN_UNREACHABLE_CODE = YES;
				CLANG_WARN__DUPLICATE_METHOD_MATCH = YES;
				CODE_SIGN_IDENTITY = "iPhone Developer";
				COPY_PHASE_STRIP = NO;
				DEBUG_INFORMATION_FORMAT = dwarf;
				ENABLE_STRICT_OBJC_MSGSEND = YES;
				ENABLE_TESTABILITY = YES;
				GCC_C_LANGUAGE_STANDARD = gnu11;
				GCC_DYNAMIC_NO_PIC = NO;
				GCC_NO_COMMON_BLOCKS = YES;
				GCC_OPTIMIZATION_LEVEL = 0;
				GCC_PREPROCESSOR_DEFINITIONS = (
					"DEBUG=1",
					"$(inherited)",
				);
				GCC_WARN_64_TO_32_BIT_CONVERSION = YES;
				GCC_WARN_ABOUT_RETURN_TYPE = YES_ERROR;
				GCC_WARN_UNDECLARED_SELECTOR = YES;
				GCC_WARN_UNINITIALIZED_AUTOS = YES_AGGRESSIVE;
				GCC_WARN_UNUSED_FUNCTION = YES;
				GCC_WARN_UNUSED_VARIABLE = YES;
				IPHONEOS_DEPLOYMENT_TARGET = 11.2;
				MTL_ENABLE_DEBUG_INFO = YES;
				ONLY_ACTIVE_ARCH = YES;
				SDKROOT = iphoneos;
			};
			name = Debug;
		};
		59E3E8202037FA1600F027B3 /* Release */ = {
			isa = XCBuildConfiguration;
			buildSettings = {
				ALWAYS_SEARCH_USER_PATHS = NO;
				CLANG_ANALYZER_NONNULL = YES;
				CLANG_ANALYZER_NUMBER_OBJECT_CONVERSION = YES_AGGRESSIVE;
				CLANG_CXX_LANGUAGE_STANDARD = "gnu++14";
				CLANG_CXX_LIBRARY = "libc++";
				CLANG_ENABLE_MODULES = YES;
				CLANG_ENABLE_OBJC_ARC = YES;
				CLANG_WARN_BLOCK_CAPTURE_AUTORELEASING = YES;
				CLANG_WARN_BOOL_CONVERSION = YES;
				CLANG_WARN_COMMA = YES;
				CLANG_WARN_CONSTANT_CONVERSION = YES;
				CLANG_WARN_DIRECT_OBJC_ISA_USAGE = YES_ERROR;
				CLANG_WARN_DOCUMENTATION_COMMENTS = YES;
				CLANG_WARN_EMPTY_BODY = YES;
				CLANG_WARN_ENUM_CONVERSION = YES;
				CLANG_WARN_INFINITE_RECURSION = YES;
				CLANG_WARN_INT_CONVERSION = YES;
				CLANG_WARN_NON_LITERAL_NULL_CONVERSION = YES;
				CLANG_WARN_OBJC_LITERAL_CONVERSION = YES;
				CLANG_WARN_OBJC_ROOT_CLASS = YES_ERROR;
				CLANG_WARN_RANGE_LOOP_ANALYSIS = YES;
				CLANG_WARN_STRICT_PROTOTYPES = YES;
				CLANG_WARN_SUSPICIOUS_MOVE = YES;
				CLANG_WARN_UNGUARDED_AVAILABILITY = YES_AGGRESSIVE;
				CLANG_WARN_UNREACHABLE_CODE = YES;
				CLANG_WARN__DUPLICATE_METHOD_MATCH = YES;
				CODE_SIGN_IDENTITY = "iPhone Developer";
				COPY_PHASE_STRIP = NO;
				DEBUG_INFORMATION_FORMAT = "dwarf-with-dsym";
				ENABLE_NS_ASSERTIONS = NO;
				ENABLE_STRICT_OBJC_MSGSEND = YES;
				GCC_C_LANGUAGE_STANDARD = gnu11;
				GCC_NO_COMMON_BLOCKS = YES;
				GCC_WARN_64_TO_32_BIT_CONVERSION = YES;
				GCC_WARN_ABOUT_RETURN_TYPE = YES_ERROR;
				GCC_WARN_UNDECLARED_SELECTOR = YES;
				GCC_WARN_UNINITIALIZED_AUTOS = YES_AGGRESSIVE;
				GCC_WARN_UNUSED_FUNCTION = YES;
				GCC_WARN_UNUSED_VARIABLE = YES;
				IPHONEOS_DEPLOYMENT_TARGET = 11.2;
				MTL_ENABLE_DEBUG_INFO = NO;
				SDKROOT = iphoneos;
				VALIDATE_PRODUCT = YES;
			};
			name = Release;
		};
		59E3E8222037FA1600F027B3 /* Debug */ = {
			isa = XCBuildConfiguration;
			buildSettings = {
				ASSETCATALOG_COMPILER_APPICON_NAME = AppIcon;
				CODE_SIGN_STYLE = Automatic;
				DEVELOPMENT_TEAM = DR4WPFLXBN;
				INFOPLIST_FILE = VegManagement/Info.plist;
				LD_RUNPATH_SEARCH_PATHS = "$(inherited) @executable_path/Frameworks";
				PRODUCT_BUNDLE_IDENTIFIER = com.MJ.VegManagement;
				PRODUCT_NAME = "$(TARGET_NAME)";
				TARGETED_DEVICE_FAMILY = "1,2";
			};
			name = Debug;
		};
		59E3E8232037FA1600F027B3 /* Release */ = {
			isa = XCBuildConfiguration;
			buildSettings = {
				ASSETCATALOG_COMPILER_APPICON_NAME = AppIcon;
				CODE_SIGN_STYLE = Automatic;
				DEVELOPMENT_TEAM = DR4WPFLXBN;
				INFOPLIST_FILE = VegManagement/Info.plist;
				LD_RUNPATH_SEARCH_PATHS = "$(inherited) @executable_path/Frameworks";
				PRODUCT_BUNDLE_IDENTIFIER = com.MJ.VegManagement;
				PRODUCT_NAME = "$(TARGET_NAME)";
				TARGETED_DEVICE_FAMILY = "1,2";
			};
			name = Release;
		};
/* End XCBuildConfiguration section */

/* Begin XCConfigurationList section */
		59E3E8062037FA1500F027B3 /* Build configuration list for PBXProject "VegManagement" */ = {
			isa = XCConfigurationList;
			buildConfigurations = (
				59E3E81F2037FA1600F027B3 /* Debug */,
				59E3E8202037FA1600F027B3 /* Release */,
			);
			defaultConfigurationIsVisible = 0;
			defaultConfigurationName = Release;
		};
		59E3E8212037FA1600F027B3 /* Build configuration list for PBXNativeTarget "VegManagement" */ = {
			isa = XCConfigurationList;
			buildConfigurations = (
				59E3E8222037FA1600F027B3 /* Debug */,
				59E3E8232037FA1600F027B3 /* Release */,
			);
			defaultConfigurationIsVisible = 0;
			defaultConfigurationName = Release;
		};
/* End XCConfigurationList section */
	};
	rootObject = 59E3E8032037FA1500F027B3 /* Project object */;
}
