// !$*UTF8*$!
{
	archiveVersion = 1;
	classes = {
	};
	objectVersion = 50;
	objects = {

/* Begin PBXBuildFile section */
		847FD22F2182DEA3004D2AD3 /* AppDelegate.m in Sources */ = {isa = PBXBuildFile; fileRef = 847FD22E2182DEA3004D2AD3 /* AppDelegate.m */; };
		847FD2322182DEA3004D2AD3 /* ViewController.m in Sources */ = {isa = PBXBuildFile; fileRef = 847FD2312182DEA3004D2AD3 /* ViewController.m */; };
		847FD2352182DEA3004D2AD3 /* Main.storyboard in Resources */ = {isa = PBXBuildFile; fileRef = 847FD2332182DEA3004D2AD3 /* Main.storyboard */; };
		847FD2372182DEA4004D2AD3 /* Assets.xcassets in Resources */ = {isa = PBXBuildFile; fileRef = 847FD2362182DEA4004D2AD3 /* Assets.xcassets */; };
		847FD23A2182DEA4004D2AD3 /* LaunchScreen.storyboard in Resources */ = {isa = PBXBuildFile; fileRef = 847FD2382182DEA4004D2AD3 /* LaunchScreen.storyboard */; };
		847FD23D2182DEA4004D2AD3 /* main.m in Sources */ = {isa = PBXBuildFile; fileRef = 847FD23C2182DEA4004D2AD3 /* main.m */; };
/* End PBXBuildFile section */

/* Begin PBXFileReference section */
		847FD22A2182DEA3004D2AD3 /* PinchViewController.app */ = {isa = PBXFileReference; explicitFileType = wrapper.application; includeInIndex = 0; path = PinchViewController.app; sourceTree = BUILT_PRODUCTS_DIR; };
		847FD22D2182DEA3004D2AD3 /* AppDelegate.h */ = {isa = PBXFileReference; lastKnownFileType = sourcecode.c.h; path = AppDelegate.h; sourceTree = "<group>"; };
		847FD22E2182DEA3004D2AD3 /* AppDelegate.m */ = {isa = PBXFileReference; lastKnownFileType = sourcecode.c.objc; path = AppDelegate.m; sourceTree = "<group>"; };
		847FD2302182DEA3004D2AD3 /* ViewController.h */ = {isa = PBXFileReference; lastKnownFileType = sourcecode.c.h; path = ViewController.h; sourceTree = "<group>"; };
		847FD2312182DEA3004D2AD3 /* ViewController.m */ = {isa = PBXFileReference; lastKnownFileType = sourcecode.c.objc; path = ViewController.m; sourceTree = "<group>"; };
		847FD2342182DEA3004D2AD3 /* Base */ = {isa = PBXFileReference; lastKnownFileType = file.storyboard; name = Base; path = Base.lproj/Main.storyboard; sourceTree = "<group>"; };
		847FD2362182DEA4004D2AD3 /* Assets.xcassets */ = {isa = PBXFileReference; lastKnownFileType = folder.assetcatalog; path = Assets.xcassets; sourceTree = "<group>"; };
		847FD2392182DEA4004D2AD3 /* Base */ = {isa = PBXFileReference; lastKnownFileType = file.storyboard; name = Base; path = Base.lproj/LaunchScreen.storyboard; sourceTree = "<group>"; };
		847FD23B2182DEA4004D2AD3 /* Info.plist */ = {isa = PBXFileReference; lastKnownFileType = text.plist.xml; path = Info.plist; sourceTree = "<group>"; };
		847FD23C2182DEA4004D2AD3 /* main.m */ = {isa = PBXFileReference; lastKnownFileType = sourcecode.c.objc; path = main.m; sourceTree = "<group>"; };
/* End PBXFileReference section */

/* Begin PBXFrameworksBuildPhase section */
		847FD2272182DEA3004D2AD3 /* Frameworks */ = {
			isa = PBXFrameworksBuildPhase;
			buildActionMask = 2147483647;
			files = (
			);
			runOnlyForDeploymentPostprocessing = 0;
		};
/* End PBXFrameworksBuildPhase section */

/* Begin PBXGroup section */
		847FD2212182DEA3004D2AD3 = {
			isa = PBXGroup;
			children = (
				847FD22C2182DEA3004D2AD3 /* PinchViewController */,
				847FD22B2182DEA3004D2AD3 /* Products */,
			);
			sourceTree = "<group>";
		};
		847FD22B2182DEA3004D2AD3 /* Products */ = {
			isa = PBXGroup;
			children = (
				847FD22A2182DEA3004D2AD3 /* PinchViewController.app */,
			);
			name = Products;
			sourceTree = "<group>";
		};
		847FD22C2182DEA3004D2AD3 /* PinchViewController */ = {
			isa = PBXGroup;
			children = (
				847FD22D2182DEA3004D2AD3 /* AppDelegate.h */,
				847FD22E2182DEA3004D2AD3 /* AppDelegate.m */,
				847FD2302182DEA3004D2AD3 /* ViewController.h */,
				847FD2312182DEA3004D2AD3 /* ViewController.m */,
				847FD2332182DEA3004D2AD3 /* Main.storyboard */,
				847FD2362182DEA4004D2AD3 /* Assets.xcassets */,
				847FD2382182DEA4004D2AD3 /* LaunchScreen.storyboard */,
				847FD23B2182DEA4004D2AD3 /* Info.plist */,
				847FD23C2182DEA4004D2AD3 /* main.m */,
			);
			path = PinchViewController;
			sourceTree = "<group>";
		};
/* End PBXGroup section */

/* Begin PBXNativeTarget section */
		847FD2292182DEA3004D2AD3 /* PinchViewController */ = {
			isa = PBXNativeTarget;
			buildConfigurationList = 847FD2402182DEA4004D2AD3 /* Build configuration list for PBXNativeTarget "PinchViewController" */;
			buildPhases = (
				847FD2262182DEA3004D2AD3 /* Sources */,
				847FD2272182DEA3004D2AD3 /* Frameworks */,
				847FD2282182DEA3004D2AD3 /* Resources */,
			);
			buildRules = (
			);
			dependencies = (
			);
			name = PinchViewController;
			productName = PinchViewController;
			productReference = 847FD22A2182DEA3004D2AD3 /* PinchViewController.app */;
			productType = "com.apple.product-type.application";
		};
/* End PBXNativeTarget section */

/* Begin PBXProject section */
		847FD2222182DEA3004D2AD3 /* Project object */ = {
			isa = PBXProject;
			attributes = {
				LastUpgradeCheck = 1000;
				ORGANIZATIONNAME = admin;
				TargetAttributes = {
					847FD2292182DEA3004D2AD3 = {
						CreatedOnToolsVersion = 10.0;
					};
				};
			};
			buildConfigurationList = 847FD2252182DEA3004D2AD3 /* Build configuration list for PBXProject "PinchViewController" */;
			compatibilityVersion = "Xcode 9.3";
			developmentRegion = en;
			hasScannedForEncodings = 0;
			knownRegions = (
				en,
				Base,
			);
			mainGroup = 847FD2212182DEA3004D2AD3;
			productRefGroup = 847FD22B2182DEA3004D2AD3 /* Products */;
			projectDirPath = "";
			projectRoot = "";
			targets = (
				847FD2292182DEA3004D2AD3 /* PinchViewController */,
			);
		};
/* End PBXProject section */

/* Begin PBXResourcesBuildPhase section */
		847FD2282182DEA3004D2AD3 /* Resources */ = {
			isa = PBXResourcesBuildPhase;
			buildActionMask = 2147483647;
			files = (
				847FD23A2182DEA4004D2AD3 /* LaunchScreen.storyboard in Resources */,
				847FD2372182DEA4004D2AD3 /* Assets.xcassets in Resources */,
				847FD2352182DEA3004D2AD3 /* Main.storyboard in Resources */,
			);
			runOnlyForDeploymentPostprocessing = 0;
		};
/* End PBXResourcesBuildPhase section */

/* Begin PBXSourcesBuildPhase section */
		847FD2262182DEA3004D2AD3 /* Sources */ = {
			isa = PBXSourcesBuildPhase;
			buildActionMask = 2147483647;
			files = (
				847FD2322182DEA3004D2AD3 /* ViewController.m in Sources */,
				847FD23D2182DEA4004D2AD3 /* main.m in Sources */,
				847FD22F2182DEA3004D2AD3 /* AppDelegate.m in Sources */,
			);
			runOnlyForDeploymentPostprocessing = 0;
		};
/* End PBXSourcesBuildPhase section */

/* Begin PBXVariantGroup section */
		847FD2332182DEA3004D2AD3 /* Main.storyboard */ = {
			isa = PBXVariantGroup;
			children = (
				847FD2342182DEA3004D2AD3 /* Base */,
			);
			name = Main.storyboard;
			sourceTree = "<group>";
		};
		847FD2382182DEA4004D2AD3 /* LaunchScreen.storyboard */ = {
			isa = PBXVariantGroup;
			children = (
				847FD2392182DEA4004D2AD3 /* Base */,
			);
			name = LaunchScreen.storyboard;
			sourceTree = "<group>";
		};
/* End PBXVariantGroup section */

/* Begin XCBuildConfiguration section */
		847FD23E2182DEA4004D2AD3 /* Debug */ = {
			isa = XCBuildConfiguration;
			buildSettings = {
				ALWAYS_SEARCH_USER_PATHS = NO;
				CLANG_ANALYZER_NONNULL = YES;
				CLANG_ANALYZER_NUMBER_OBJECT_CONVERSION = YES_AGGRESSIVE;
				CLANG_CXX_LANGUAGE_STANDARD = "gnu++14";
				CLANG_CXX_LIBRARY = "libc++";
				CLANG_ENABLE_MODULES = YES;
				CLANG_ENABLE_OBJC_ARC = YES;
				CLANG_ENABLE_OBJC_WEAK = YES;
				CLANG_WARN_BLOCK_CAPTURE_AUTORELEASING = YES;
				CLANG_WARN_BOOL_CONVERSION = YES;
				CLANG_WARN_COMMA = YES;
				CLANG_WARN_CONSTANT_CONVERSION = YES;
				CLANG_WARN_DEPRECATED_OBJC_IMPLEMENTATIONS = YES;
				CLANG_WARN_DIRECT_OBJC_ISA_USAGE = YES_ERROR;
				CLANG_WARN_DOCUMENTATION_COMMENTS = YES;
				CLANG_WARN_EMPTY_BODY = YES;
				CLANG_WARN_ENUM_CONVERSION = YES;
				CLANG_WARN_INFINITE_RECURSION = YES;
				CLANG_WARN_INT_CONVERSION = YES;
				CLANG_WARN_NON_LITERAL_NULL_CONVERSION = YES;
				CLANG_WARN_OBJC_IMPLICIT_RETAIN_SELF = YES;
				CLANG_WARN_OBJC_LITERAL_CONVERSION = YES;
				CLANG_WARN_OBJC_ROOT_CLASS = YES_ERROR;
				CLANG_WARN_RANGE_LOOP_ANALYSIS = YES;
				CLANG_WARN_STRICT_PROTOTYPES = YES;
				CLANG_WARN_SUSPICIOUS_MOVE = YES;
				CLANG_WARN_UNGUARDED_AVAILABILITY = YES_AGGRESSIVE;
				CLANG_WARN_UNREACHABLE_CODE = YES;
				CLANG_WARN__DUPLICATE_METHOD_MATCH = YES;
				CODE_SIGN_IDENTITY = "iPhone Developer";
				COPY_PHASE_STRIP = NO;
				DEBUG_INFORMATION_FORMAT = dwarf;
				ENABLE_STRICT_OBJC_MSGSEND = YES;
				ENABLE_TESTABILITY = YES;
				GCC_C_LANGUAGE_STANDARD = gnu11;
				GCC_DYNAMIC_NO_PIC = NO;
				GCC_NO_COMMON_BLOCKS = YES;
				GCC_OPTIMIZATION_LEVEL = 0;
				GCC_PREPROCESSOR_DEFINITIONS = (
					"DEBUG=1",
					"$(inherited)",
				);
				GCC_WARN_64_TO_32_BIT_CONVERSION = YES;
				GCC_WARN_ABOUT_RETURN_TYPE = YES_ERROR;
				GCC_WARN_UNDECLARED_SELECTOR = YES;
				GCC_WARN_UNINITIALIZED_AUTOS = YES_AGGRESSIVE;
				GCC_WARN_UNUSED_FUNCTION = YES;
				GCC_WARN_UNUSED_VARIABLE = YES;
				IPHONEOS_DEPLOYMENT_TARGET = 12.0;
				MTL_ENABLE_DEBUG_INFO = INCLUDE_SOURCE;
				MTL_FAST_MATH = YES;
				ONLY_ACTIVE_ARCH = YES;
				SDKROOT = iphoneos;
			};
			name = Debug;
		};
		847FD23F2182DEA4004D2AD3 /* Release */ = {
			isa = XCBuildConfiguration;
			buildSettings = {
				ALWAYS_SEARCH_USER_PATHS = NO;
				CLANG_ANALYZER_NONNULL = YES;
				CLANG_ANALYZER_NUMBER_OBJECT_CONVERSION = YES_AGGRESSIVE;
				CLANG_CXX_LANGUAGE_STANDARD = "gnu++14";
				CLANG_CXX_LIBRARY = "libc++";
				CLANG_ENABLE_MODULES = YES;
				CLANG_ENABLE_OBJC_ARC = YES;
				CLANG_ENABLE_OBJC_WEAK = YES;
				CLANG_WARN_BLOCK_CAPTURE_AUTORELEASING = YES;
				CLANG_WARN_BOOL_CONVERSION = YES;
				CLANG_WARN_COMMA = YES;
				CLANG_WARN_CONSTANT_CONVERSION = YES;
				CLANG_WARN_DEPRECATED_OBJC_IMPLEMENTATIONS = YES;
				CLANG_WARN_DIRECT_OBJC_ISA_USAGE = YES_ERROR;
				CLANG_WARN_DOCUMENTATION_COMMENTS = YES;
				CLANG_WARN_EMPTY_BODY = YES;
				CLANG_WARN_ENUM_CONVERSION = YES;
				CLANG_WARN_INFINITE_RECURSION = YES;
				CLANG_WARN_INT_CONVERSION = YES;
				CLANG_WARN_NON_LITERAL_NULL_CONVERSION = YES;
				CLANG_WARN_OBJC_IMPLICIT_RETAIN_SELF = YES;
				CLANG_WARN_OBJC_LITERAL_CONVERSION = YES;
				CLANG_WARN_OBJC_ROOT_CLASS = YES_ERROR;
				CLANG_WARN_RANGE_LOOP_ANALYSIS = YES;
				CLANG_WARN_STRICT_PROTOTYPES = YES;
				CLANG_WARN_SUSPICIOUS_MOVE = YES;
				CLANG_WARN_UNGUARDED_AVAILABILITY = YES_AGGRESSIVE;
				CLANG_WARN_UNREACHABLE_CODE = YES;
				CLANG_WARN__DUPLICATE_METHOD_MATCH = YES;
				CODE_SIGN_IDENTITY = "iPhone Developer";
				COPY_PHASE_STRIP = NO;
				DEBUG_INFORMATION_FORMAT = "dwarf-with-dsym";
				ENABLE_NS_ASSERTIONS = NO;
				ENABLE_STRICT_OBJC_MSGSEND = YES;
				GCC_C_LANGUAGE_STANDARD = gnu11;
				GCC_NO_COMMON_BLOCKS = YES;
				GCC_WARN_64_TO_32_BIT_CONVERSION = YES;
				GCC_WARN_ABOUT_RETURN_TYPE = YES_ERROR;
				GCC_WARN_UNDECLARED_SELECTOR = YES;
				GCC_WARN_UNINITIALIZED_AUTOS = YES_AGGRESSIVE;
				GCC_WARN_UNUSED_FUNCTION = YES;
				GCC_WARN_UNUSED_VARIABLE = YES;
				IPHONEOS_DEPLOYMENT_TARGET = 12.0;
				MTL_ENABLE_DEBUG_INFO = NO;
				MTL_FAST_MATH = YES;
				SDKROOT = iphoneos;
				VALIDATE_PRODUCT = YES;
			};
			name = Release;
		};
		847FD2412182DEA4004D2AD3 /* Debug */ = {
			isa = XCBuildConfiguration;
			buildSettings = {
				ASSETCATALOG_COMPILER_APPICON_NAME = AppIcon;
				CODE_SIGN_STYLE = Automatic;
				DEVELOPMENT_TEAM = 22MKG4BGTP;
				INFOPLIST_FILE = PinchViewController/Info.plist;
				LD_RUNPATH_SEARCH_PATHS = (
					"$(inherited)",
					"@executable_path/Frameworks",
				);
				PRODUCT_BUNDLE_IDENTIFIER = gsss.PinchViewController;
				PRODUCT_NAME = "$(TARGET_NAME)";
				TARGETED_DEVICE_FAMILY = "1,2";
			};
			name = Debug;
		};
		847FD2422182DEA4004D2AD3 /* Release */ = {
			isa = XCBuildConfiguration;
			buildSettings = {
				ASSETCATALOG_COMPILER_APPICON_NAME = AppIcon;
				CODE_SIGN_STYLE = Automatic;
				DEVELOPMENT_TEAM = 22MKG4BGTP;
				INFOPLIST_FILE = PinchViewController/Info.plist;
				LD_RUNPATH_SEARCH_PATHS = (
					"$(inherited)",
					"@executable_path/Frameworks",
				);
				PRODUCT_BUNDLE_IDENTIFIER = gsss.PinchViewController;
				PRODUCT_NAME = "$(TARGET_NAME)";
				TARGETED_DEVICE_FAMILY = "1,2";
			};
			name = Release;
		};
/* End XCBuildConfiguration section */

/* Begin XCConfigurationList section */
		847FD2252182DEA3004D2AD3 /* Build configuration list for PBXProject "PinchViewController" */ = {
			isa = XCConfigurationList;
			buildConfigurations = (
				847FD23E2182DEA4004D2AD3 /* Debug */,
				847FD23F2182DEA4004D2AD3 /* Release */,
			);
			defaultConfigurationIsVisible = 0;
			defaultConfigurationName = Release;
		};
		847FD2402182DEA4004D2AD3 /* Build configuration list for PBXNativeTarget "PinchViewController" */ = {
			isa = XCConfigurationList;
			buildConfigurations = (
				847FD2412182DEA4004D2AD3 /* Debug */,
				847FD2422182DEA4004D2AD3 /* Release */,
			);
			defaultConfigurationIsVisible = 0;
			defaultConfigurationName = Release;
		};
/* End XCConfigurationList section */
	};
	rootObject = 847FD2222182DEA3004D2AD3 /* Project object */;
}
