PODS:
  - MJExtension (3.0.15.1)

DEPENDENCIES:
  - MJExtension (~> 3.0.15.1)

SPEC REPOS:
  https://github.com/cocoapods/specs.git:
    - MJExtension

SPEC CHECKSUMS:
  MJExtension: 19bc33ce2eee2d319760f5622562cf581a6ff756

PODFILE CHECKSUM: 75a9e1d9ef2563c016f6717bb1e5d1660589671b

COCOAPODS: 1.6.0.beta.2
