// !$*UTF8*$!
{
	archiveVersion = 1;
	classes = {
	};
	objectVersion = 50;
	objects = {

/* Begin PBXBuildFile section */
		840FCEC42175BD9200B616B3 /* AppDelegate.m in Sources */ = {isa = PBXBuildFile; fileRef = 840FCEC32175BD9200B616B3 /* AppDelegate.m */; };
		840FCEC72175BD9200B616B3 /* ViewController.m in Sources */ = {isa = PBXBuildFile; fileRef = 840FCEC62175BD9200B616B3 /* ViewController.m */; };
		840FCECA2175BD9200B616B3 /* Main.storyboard in Resources */ = {isa = PBXBuildFile; fileRef = 840FCEC82175BD9200B616B3 /* Main.storyboard */; };
		840FCECC2175BD9300B616B3 /* Assets.xcassets in Resources */ = {isa = PBXBuildFile; fileRef = 840FCECB2175BD9300B616B3 /* Assets.xcassets */; };
		840FCECF2175BD9300B616B3 /* LaunchScreen.storyboard in Resources */ = {isa = PBXBuildFile; fileRef = 840FCECD2175BD9300B616B3 /* LaunchScreen.storyboard */; };
		840FCED22175BD9300B616B3 /* main.m in Sources */ = {isa = PBXBuildFile; fileRef = 840FCED12175BD9300B616B3 /* main.m */; };
		E244B3DA23D38409CA0B06A0 /* libPods-RAC+MVVM2.a in Frameworks */ = {isa = PBXBuildFile; fileRef = 4BA465B796E39ADD3C2AE034 /* libPods-RAC+MVVM2.a */; };
/* End PBXBuildFile section */

/* Begin PBXFileReference section */
		4BA465B796E39ADD3C2AE034 /* libPods-RAC+MVVM2.a */ = {isa = PBXFileReference; explicitFileType = archive.ar; includeInIndex = 0; path = "libPods-RAC+MVVM2.a"; sourceTree = BUILT_PRODUCTS_DIR; };
		68C70E5D34CFE49430E3F957 /* Pods-RAC+MVVM2.release.xcconfig */ = {isa = PBXFileReference; includeInIndex = 1; lastKnownFileType = text.xcconfig; name = "Pods-RAC+MVVM2.release.xcconfig"; path = "Pods/Target Support Files/Pods-RAC+MVVM2/Pods-RAC+MVVM2.release.xcconfig"; sourceTree = "<group>"; };
		840FCEBF2175BD9200B616B3 /* RAC+MVVM2.app */ = {isa = PBXFileReference; explicitFileType = wrapper.application; includeInIndex = 0; path = "RAC+MVVM2.app"; sourceTree = BUILT_PRODUCTS_DIR; };
		840FCEC22175BD9200B616B3 /* AppDelegate.h */ = {isa = PBXFileReference; lastKnownFileType = sourcecode.c.h; path = AppDelegate.h; sourceTree = "<group>"; };
		840FCEC32175BD9200B616B3 /* AppDelegate.m */ = {isa = PBXFileReference; lastKnownFileType = sourcecode.c.objc; path = AppDelegate.m; sourceTree = "<group>"; };
		840FCEC52175BD9200B616B3 /* ViewController.h */ = {isa = PBXFileReference; lastKnownFileType = sourcecode.c.h; path = ViewController.h; sourceTree = "<group>"; };
		840FCEC62175BD9200B616B3 /* ViewController.m */ = {isa = PBXFileReference; lastKnownFileType = sourcecode.c.objc; path = ViewController.m; sourceTree = "<group>"; };
		840FCEC92175BD9200B616B3 /* Base */ = {isa = PBXFileReference; lastKnownFileType = file.storyboard; name = Base; path = Base.lproj/Main.storyboard; sourceTree = "<group>"; };
		840FCECB2175BD9300B616B3 /* Assets.xcassets */ = {isa = PBXFileReference; lastKnownFileType = folder.assetcatalog; path = Assets.xcassets; sourceTree = "<group>"; };
		840FCECE2175BD9300B616B3 /* Base */ = {isa = PBXFileReference; lastKnownFileType = file.storyboard; name = Base; path = Base.lproj/LaunchScreen.storyboard; sourceTree = "<group>"; };
		840FCED02175BD9300B616B3 /* Info.plist */ = {isa = PBXFileReference; lastKnownFileType = text.plist.xml; path = Info.plist; sourceTree = "<group>"; };
		840FCED12175BD9300B616B3 /* main.m */ = {isa = PBXFileReference; lastKnownFileType = sourcecode.c.objc; path = main.m; sourceTree = "<group>"; };
		9F3D657967E26AC389701D27 /* Pods-RAC+MVVM2.debug.xcconfig */ = {isa = PBXFileReference; includeInIndex = 1; lastKnownFileType = text.xcconfig; name = "Pods-RAC+MVVM2.debug.xcconfig"; path = "Pods/Target Support Files/Pods-RAC+MVVM2/Pods-RAC+MVVM2.debug.xcconfig"; sourceTree = "<group>"; };
/* End PBXFileReference section */

/* Begin PBXFrameworksBuildPhase section */
		840FCEBC2175BD9200B616B3 /* Frameworks */ = {
			isa = PBXFrameworksBuildPhase;
			buildActionMask = 2147483647;
			files = (
				E244B3DA23D38409CA0B06A0 /* libPods-RAC+MVVM2.a in Frameworks */,
			);
			runOnlyForDeploymentPostprocessing = 0;
		};
/* End PBXFrameworksBuildPhase section */

/* Begin PBXGroup section */
		840FCEB62175BD9200B616B3 = {
			isa = PBXGroup;
			children = (
				840FCEC12175BD9200B616B3 /* RAC+MVVM2 */,
				840FCEC02175BD9200B616B3 /* Products */,
				C605380F87B8CED8CBB3BAB7 /* Pods */,
				F81BE45D913BDC4807255985 /* Frameworks */,
			);
			sourceTree = "<group>";
		};
		840FCEC02175BD9200B616B3 /* Products */ = {
			isa = PBXGroup;
			children = (
				840FCEBF2175BD9200B616B3 /* RAC+MVVM2.app */,
			);
			name = Products;
			sourceTree = "<group>";
		};
		840FCEC12175BD9200B616B3 /* RAC+MVVM2 */ = {
			isa = PBXGroup;
			children = (
				840FCEC22175BD9200B616B3 /* AppDelegate.h */,
				840FCEC32175BD9200B616B3 /* AppDelegate.m */,
				840FCEC52175BD9200B616B3 /* ViewController.h */,
				840FCEC62175BD9200B616B3 /* ViewController.m */,
				840FCEC82175BD9200B616B3 /* Main.storyboard */,
				840FCECB2175BD9300B616B3 /* Assets.xcassets */,
				840FCECD2175BD9300B616B3 /* LaunchScreen.storyboard */,
				840FCED02175BD9300B616B3 /* Info.plist */,
				840FCED12175BD9300B616B3 /* main.m */,
			);
			path = "RAC+MVVM2";
			sourceTree = "<group>";
		};
		C605380F87B8CED8CBB3BAB7 /* Pods */ = {
			isa = PBXGroup;
			children = (
				9F3D657967E26AC389701D27 /* Pods-RAC+MVVM2.debug.xcconfig */,
				68C70E5D34CFE49430E3F957 /* Pods-RAC+MVVM2.release.xcconfig */,
			);
			name = Pods;
			sourceTree = "<group>";
		};
		F81BE45D913BDC4807255985 /* Frameworks */ = {
			isa = PBXGroup;
			children = (
				4BA465B796E39ADD3C2AE034 /* libPods-RAC+MVVM2.a */,
			);
			name = Frameworks;
			sourceTree = "<group>";
		};
/* End PBXGroup section */

/* Begin PBXNativeTarget section */
		840FCEBE2175BD9200B616B3 /* RAC+MVVM2 */ = {
			isa = PBXNativeTarget;
			buildConfigurationList = 840FCED52175BD9300B616B3 /* Build configuration list for PBXNativeTarget "RAC+MVVM2" */;
			buildPhases = (
				46B2F4C12D3F637D9235A892 /* [CP] Check Pods Manifest.lock */,
				840FCEBB2175BD9200B616B3 /* Sources */,
				840FCEBC2175BD9200B616B3 /* Frameworks */,
				840FCEBD2175BD9200B616B3 /* Resources */,
			);
			buildRules = (
			);
			dependencies = (
			);
			name = "RAC+MVVM2";
			productName = "RAC+MVVM2";
			productReference = 840FCEBF2175BD9200B616B3 /* RAC+MVVM2.app */;
			productType = "com.apple.product-type.application";
		};
/* End PBXNativeTarget section */

/* Begin PBXProject section */
		840FCEB72175BD9200B616B3 /* Project object */ = {
			isa = PBXProject;
			attributes = {
				LastUpgradeCheck = 0940;
				ORGANIZATIONNAME = admin;
				TargetAttributes = {
					840FCEBE2175BD9200B616B3 = {
						CreatedOnToolsVersion = 9.4.1;
					};
				};
			};
			buildConfigurationList = 840FCEBA2175BD9200B616B3 /* Build configuration list for PBXProject "RAC+MVVM2" */;
			compatibilityVersion = "Xcode 9.3";
			developmentRegion = en;
			hasScannedForEncodings = 0;
			knownRegions = (
				en,
				Base,
			);
			mainGroup = 840FCEB62175BD9200B616B3;
			productRefGroup = 840FCEC02175BD9200B616B3 /* Products */;
			projectDirPath = "";
			projectRoot = "";
			targets = (
				840FCEBE2175BD9200B616B3 /* RAC+MVVM2 */,
			);
		};
/* End PBXProject section */

/* Begin PBXResourcesBuildPhase section */
		840FCEBD2175BD9200B616B3 /* Resources */ = {
			isa = PBXResourcesBuildPhase;
			buildActionMask = 2147483647;
			files = (
				840FCECF2175BD9300B616B3 /* LaunchScreen.storyboard in Resources */,
				840FCECC2175BD9300B616B3 /* Assets.xcassets in Resources */,
				840FCECA2175BD9200B616B3 /* Main.storyboard in Resources */,
			);
			runOnlyForDeploymentPostprocessing = 0;
		};
/* End PBXResourcesBuildPhase section */

/* Begin PBXShellScriptBuildPhase section */
		46B2F4C12D3F637D9235A892 /* [CP] Check Pods Manifest.lock */ = {
			isa = PBXShellScriptBuildPhase;
			buildActionMask = 2147483647;
			files = (
			);
			inputFileListPaths = (
			);
			inputPaths = (
				"${PODS_PODFILE_DIR_PATH}/Podfile.lock",
				"${PODS_ROOT}/Manifest.lock",
			);
			name = "[CP] Check Pods Manifest.lock";
			outputFileListPaths = (
			);
			outputPaths = (
				"$(DERIVED_FILE_DIR)/Pods-RAC+MVVM2-checkManifestLockResult.txt",
			);
			runOnlyForDeploymentPostprocessing = 0;
			shellPath = /bin/sh;
			shellScript = "diff \"${PODS_PODFILE_DIR_PATH}/Podfile.lock\" \"${PODS_ROOT}/Manifest.lock\" > /dev/null\nif [ $? != 0 ] ; then\n    # print error to STDERR\n    echo \"error: The sandbox is not in sync with the Podfile.lock. Run 'pod install' or update your CocoaPods installation.\" >&2\n    exit 1\nfi\n# This output is used by Xcode 'outputs' to avoid re-running this script phase.\necho \"SUCCESS\" > \"${SCRIPT_OUTPUT_FILE_0}\"\n";
			showEnvVarsInLog = 0;
		};
/* End PBXShellScriptBuildPhase section */

/* Begin PBXSourcesBuildPhase section */
		840FCEBB2175BD9200B616B3 /* Sources */ = {
			isa = PBXSourcesBuildPhase;
			buildActionMask = 2147483647;
			files = (
				840FCEC72175BD9200B616B3 /* ViewController.m in Sources */,
				840FCED22175BD9300B616B3 /* main.m in Sources */,
				840FCEC42175BD9200B616B3 /* AppDelegate.m in Sources */,
			);
			runOnlyForDeploymentPostprocessing = 0;
		};
/* End PBXSourcesBuildPhase section */

/* Begin PBXVariantGroup section */
		840FCEC82175BD9200B616B3 /* Main.storyboard */ = {
			isa = PBXVariantGroup;
			children = (
				840FCEC92175BD9200B616B3 /* Base */,
			);
			name = Main.storyboard;
			sourceTree = "<group>";
		};
		840FCECD2175BD9300B616B3 /* LaunchScreen.storyboard */ = {
			isa = PBXVariantGroup;
			children = (
				840FCECE2175BD9300B616B3 /* Base */,
			);
			name = LaunchScreen.storyboard;
			sourceTree = "<group>";
		};
/* End PBXVariantGroup section */

/* Begin XCBuildConfiguration section */
		840FCED32175BD9300B616B3 /* Debug */ = {
			isa = XCBuildConfiguration;
			buildSettings = {
				ALWAYS_SEARCH_USER_PATHS = NO;
				CLANG_ANALYZER_NONNULL = YES;
				CLANG_ANALYZER_NUMBER_OBJECT_CONVERSION = YES_AGGRESSIVE;
				CLANG_CXX_LANGUAGE_STANDARD = "gnu++14";
				CLANG_CXX_LIBRARY = "libc++";
				CLANG_ENABLE_MODULES = YES;
				CLANG_ENABLE_OBJC_ARC = YES;
				CLANG_ENABLE_OBJC_WEAK = YES;
				CLANG_WARN_BLOCK_CAPTURE_AUTORELEASING = YES;
				CLANG_WARN_BOOL_CONVERSION = YES;
				CLANG_WARN_COMMA = YES;
				CLANG_WARN_CONSTANT_CONVERSION = YES;
				CLANG_WARN_DEPRECATED_OBJC_IMPLEMENTATIONS = YES;
				CLANG_WARN_DIRECT_OBJC_ISA_USAGE = YES_ERROR;
				CLANG_WARN_DOCUMENTATION_COMMENTS = YES;
				CLANG_WARN_EMPTY_BODY = YES;
				CLANG_WARN_ENUM_CONVERSION = YES;
				CLANG_WARN_INFINITE_RECURSION = YES;
				CLANG_WARN_INT_CONVERSION = YES;
				CLANG_WARN_NON_LITERAL_NULL_CONVERSION = YES;
				CLANG_WARN_OBJC_IMPLICIT_RETAIN_SELF = YES;
				CLANG_WARN_OBJC_LITERAL_CONVERSION = YES;
				CLANG_WARN_OBJC_ROOT_CLASS = YES_ERROR;
				CLANG_WARN_RANGE_LOOP_ANALYSIS = YES;
				CLANG_WARN_STRICT_PROTOTYPES = YES;
				CLANG_WARN_SUSPICIOUS_MOVE = YES;
				CLANG_WARN_UNGUARDED_AVAILABILITY = YES_AGGRESSIVE;
				CLANG_WARN_UNREACHABLE_CODE = YES;
				CLANG_WARN__DUPLICATE_METHOD_MATCH = YES;
				CODE_SIGN_IDENTITY = "iPhone Developer";
				COPY_PHASE_STRIP = NO;
				DEBUG_INFORMATION_FORMAT = dwarf;
				ENABLE_STRICT_OBJC_MSGSEND = YES;
				ENABLE_TESTABILITY = YES;
				GCC_C_LANGUAGE_STANDARD = gnu11;
				GCC_DYNAMIC_NO_PIC = NO;
				GCC_NO_COMMON_BLOCKS = YES;
				GCC_OPTIMIZATION_LEVEL = 0;
				GCC_PREPROCESSOR_DEFINITIONS = (
					"DEBUG=1",
					"$(inherited)",
				);
				GCC_WARN_64_TO_32_BIT_CONVERSION = YES;
				GCC_WARN_ABOUT_RETURN_TYPE = YES_ERROR;
				GCC_WARN_UNDECLARED_SELECTOR = YES;
				GCC_WARN_UNINITIALIZED_AUTOS = YES_AGGRESSIVE;
				GCC_WARN_UNUSED_FUNCTION = YES;
				GCC_WARN_UNUSED_VARIABLE = YES;
				IPHONEOS_DEPLOYMENT_TARGET = 11.4;
				MTL_ENABLE_DEBUG_INFO = YES;
				ONLY_ACTIVE_ARCH = YES;
				SDKROOT = iphoneos;
			};
			name = Debug;
		};
		840FCED42175BD9300B616B3 /* Release */ = {
			isa = XCBuildConfiguration;
			buildSettings = {
				ALWAYS_SEARCH_USER_PATHS = NO;
				CLANG_ANALYZER_NONNULL = YES;
				CLANG_ANALYZER_NUMBER_OBJECT_CONVERSION = YES_AGGRESSIVE;
				CLANG_CXX_LANGUAGE_STANDARD = "gnu++14";
				CLANG_CXX_LIBRARY = "libc++";
				CLANG_ENABLE_MODULES = YES;
				CLANG_ENABLE_OBJC_ARC = YES;
				CLANG_ENABLE_OBJC_WEAK = YES;
				CLANG_WARN_BLOCK_CAPTURE_AUTORELEASING = YES;
				CLANG_WARN_BOOL_CONVERSION = YES;
				CLANG_WARN_COMMA = YES;
				CLANG_WARN_CONSTANT_CONVERSION = YES;
				CLANG_WARN_DEPRECATED_OBJC_IMPLEMENTATIONS = YES;
				CLANG_WARN_DIRECT_OBJC_ISA_USAGE = YES_ERROR;
				CLANG_WARN_DOCUMENTATION_COMMENTS = YES;
				CLANG_WARN_EMPTY_BODY = YES;
				CLANG_WARN_ENUM_CONVERSION = YES;
				CLANG_WARN_INFINITE_RECURSION = YES;
				CLANG_WARN_INT_CONVERSION = YES;
				CLANG_WARN_NON_LITERAL_NULL_CONVERSION = YES;
				CLANG_WARN_OBJC_IMPLICIT_RETAIN_SELF = YES;
				CLANG_WARN_OBJC_LITERAL_CONVERSION = YES;
				CLANG_WARN_OBJC_ROOT_CLASS = YES_ERROR;
				CLANG_WARN_RANGE_LOOP_ANALYSIS = YES;
				CLANG_WARN_STRICT_PROTOTYPES = YES;
				CLANG_WARN_SUSPICIOUS_MOVE = YES;
				CLANG_WARN_UNGUARDED_AVAILABILITY = YES_AGGRESSIVE;
				CLANG_WARN_UNREACHABLE_CODE = YES;
				CLANG_WARN__DUPLICATE_METHOD_MATCH = YES;
				CODE_SIGN_IDENTITY = "iPhone Developer";
				COPY_PHASE_STRIP = NO;
				DEBUG_INFORMATION_FORMAT = "dwarf-with-dsym";
				ENABLE_NS_ASSERTIONS = NO;
				ENABLE_STRICT_OBJC_MSGSEND = YES;
				GCC_C_LANGUAGE_STANDARD = gnu11;
				GCC_NO_COMMON_BLOCKS = YES;
				GCC_WARN_64_TO_32_BIT_CONVERSION = YES;
				GCC_WARN_ABOUT_RETURN_TYPE = YES_ERROR;
				GCC_WARN_UNDECLARED_SELECTOR = YES;
				GCC_WARN_UNINITIALIZED_AUTOS = YES_AGGRESSIVE;
				GCC_WARN_UNUSED_FUNCTION = YES;
				GCC_WARN_UNUSED_VARIABLE = YES;
				IPHONEOS_DEPLOYMENT_TARGET = 11.4;
				MTL_ENABLE_DEBUG_INFO = NO;
				SDKROOT = iphoneos;
				VALIDATE_PRODUCT = YES;
			};
			name = Release;
		};
		840FCED62175BD9300B616B3 /* Debug */ = {
			isa = XCBuildConfiguration;
			baseConfigurationReference = 9F3D657967E26AC389701D27 /* Pods-RAC+MVVM2.debug.xcconfig */;
			buildSettings = {
				ASSETCATALOG_COMPILER_APPICON_NAME = AppIcon;
				CODE_SIGN_STYLE = Automatic;
				DEVELOPMENT_TEAM = 22MKG4BGTP;
				INFOPLIST_FILE = "RAC+MVVM2/Info.plist";
				LD_RUNPATH_SEARCH_PATHS = (
					"$(inherited)",
					"@executable_path/Frameworks",
				);
				PRODUCT_BUNDLE_IDENTIFIER = "gsss.RAC-MVVM2";
				PRODUCT_NAME = "$(TARGET_NAME)";
				TARGETED_DEVICE_FAMILY = "1,2";
			};
			name = Debug;
		};
		840FCED72175BD9300B616B3 /* Release */ = {
			isa = XCBuildConfiguration;
			baseConfigurationReference = 68C70E5D34CFE49430E3F957 /* Pods-RAC+MVVM2.release.xcconfig */;
			buildSettings = {
				ASSETCATALOG_COMPILER_APPICON_NAME = AppIcon;
				CODE_SIGN_STYLE = Automatic;
				DEVELOPMENT_TEAM = 22MKG4BGTP;
				INFOPLIST_FILE = "RAC+MVVM2/Info.plist";
				LD_RUNPATH_SEARCH_PATHS = (
					"$(inherited)",
					"@executable_path/Frameworks",
				);
				PRODUCT_BUNDLE_IDENTIFIER = "gsss.RAC-MVVM2";
				PRODUCT_NAME = "$(TARGET_NAME)";
				TARGETED_DEVICE_FAMILY = "1,2";
			};
			name = Release;
		};
/* End XCBuildConfiguration section */

/* Begin XCConfigurationList section */
		840FCEBA2175BD9200B616B3 /* Build configuration list for PBXProject "RAC+MVVM2" */ = {
			isa = XCConfigurationList;
			buildConfigurations = (
				840FCED32175BD9300B616B3 /* Debug */,
				840FCED42175BD9300B616B3 /* Release */,
			);
			defaultConfigurationIsVisible = 0;
			defaultConfigurationName = Release;
		};
		840FCED52175BD9300B616B3 /* Build configuration list for PBXNativeTarget "RAC+MVVM2" */ = {
			isa = XCConfigurationList;
			buildConfigurations = (
				840FCED62175BD9300B616B3 /* Debug */,
				840FCED72175BD9300B616B3 /* Release */,
			);
			defaultConfigurationIsVisible = 0;
			defaultConfigurationName = Release;
		};
/* End XCConfigurationList section */
	};
	rootObject = 840FCEB72175BD9200B616B3 /* Project object */;
}
