// !$*UTF8*$!
{
	archiveVersion = 1;
	classes = {
	};
	objectVersion = 50;
	objects = {

/* Begin PBXBuildFile section */
		7B2BA39433A832230BE3798F /* libPods-MMKV.a in Frameworks */ = {isa = PBXBuildFile; fileRef = 60492954E615ED8658FF7F5D /* libPods-MMKV.a */; };
		84E648CD21A6A2BA009302D7 /* AppDelegate.m in Sources */ = {isa = PBXBuildFile; fileRef = 84E648CC21A6A2BA009302D7 /* AppDelegate.m */; };
		84E648D021A6A2BA009302D7 /* ViewController.m in Sources */ = {isa = PBXBuildFile; fileRef = 84E648CF21A6A2BA009302D7 /* ViewController.m */; };
		84E648D321A6A2BA009302D7 /* Main.storyboard in Resources */ = {isa = PBXBuildFile; fileRef = 84E648D121A6A2BA009302D7 /* Main.storyboard */; };
		84E648D521A6A2BB009302D7 /* Assets.xcassets in Resources */ = {isa = PBXBuildFile; fileRef = 84E648D421A6A2BB009302D7 /* Assets.xcassets */; };
		84E648D821A6A2BB009302D7 /* LaunchScreen.storyboard in Resources */ = {isa = PBXBuildFile; fileRef = 84E648D621A6A2BB009302D7 /* LaunchScreen.storyboard */; };
		84E648DB21A6A2BB009302D7 /* main.m in Sources */ = {isa = PBXBuildFile; fileRef = 84E648DA21A6A2BB009302D7 /* main.m */; };
/* End PBXBuildFile section */

/* Begin PBXFileReference section */
		577305FCC030874155697512 /* Pods-MMKV.release.xcconfig */ = {isa = PBXFileReference; includeInIndex = 1; lastKnownFileType = text.xcconfig; name = "Pods-MMKV.release.xcconfig"; path = "Target Support Files/Pods-MMKV/Pods-MMKV.release.xcconfig"; sourceTree = "<group>"; };
		60492954E615ED8658FF7F5D /* libPods-MMKV.a */ = {isa = PBXFileReference; explicitFileType = archive.ar; includeInIndex = 0; path = "libPods-MMKV.a"; sourceTree = BUILT_PRODUCTS_DIR; };
		84E648C821A6A2BA009302D7 /* MMKV.app */ = {isa = PBXFileReference; explicitFileType = wrapper.application; includeInIndex = 0; path = MMKV.app; sourceTree = BUILT_PRODUCTS_DIR; };
		84E648CB21A6A2BA009302D7 /* AppDelegate.h */ = {isa = PBXFileReference; lastKnownFileType = sourcecode.c.h; path = AppDelegate.h; sourceTree = "<group>"; };
		84E648CC21A6A2BA009302D7 /* AppDelegate.m */ = {isa = PBXFileReference; lastKnownFileType = sourcecode.c.objc; path = AppDelegate.m; sourceTree = "<group>"; };
		84E648CE21A6A2BA009302D7 /* ViewController.h */ = {isa = PBXFileReference; lastKnownFileType = sourcecode.c.h; path = ViewController.h; sourceTree = "<group>"; };
		84E648CF21A6A2BA009302D7 /* ViewController.m */ = {isa = PBXFileReference; lastKnownFileType = sourcecode.c.objc; path = ViewController.m; sourceTree = "<group>"; };
		84E648D221A6A2BA009302D7 /* Base */ = {isa = PBXFileReference; lastKnownFileType = file.storyboard; name = Base; path = Base.lproj/Main.storyboard; sourceTree = "<group>"; };
		84E648D421A6A2BB009302D7 /* Assets.xcassets */ = {isa = PBXFileReference; lastKnownFileType = folder.assetcatalog; path = Assets.xcassets; sourceTree = "<group>"; };
		84E648D721A6A2BB009302D7 /* Base */ = {isa = PBXFileReference; lastKnownFileType = file.storyboard; name = Base; path = Base.lproj/LaunchScreen.storyboard; sourceTree = "<group>"; };
		84E648D921A6A2BB009302D7 /* Info.plist */ = {isa = PBXFileReference; lastKnownFileType = text.plist.xml; path = Info.plist; sourceTree = "<group>"; };
		84E648DA21A6A2BB009302D7 /* main.m */ = {isa = PBXFileReference; lastKnownFileType = sourcecode.c.objc; path = main.m; sourceTree = "<group>"; };
		A253B99062C76E891C4C4F2A /* Pods-MMKV.debug.xcconfig */ = {isa = PBXFileReference; includeInIndex = 1; lastKnownFileType = text.xcconfig; name = "Pods-MMKV.debug.xcconfig"; path = "Target Support Files/Pods-MMKV/Pods-MMKV.debug.xcconfig"; sourceTree = "<group>"; };
/* End PBXFileReference section */

/* Begin PBXFrameworksBuildPhase section */
		84E648C521A6A2BA009302D7 /* Frameworks */ = {
			isa = PBXFrameworksBuildPhase;
			buildActionMask = 2147483647;
			files = (
				7B2BA39433A832230BE3798F /* libPods-MMKV.a in Frameworks */,
			);
			runOnlyForDeploymentPostprocessing = 0;
		};
/* End PBXFrameworksBuildPhase section */

/* Begin PBXGroup section */
		79FBD1027D3A623267D75909 /* Frameworks */ = {
			isa = PBXGroup;
			children = (
				60492954E615ED8658FF7F5D /* libPods-MMKV.a */,
			);
			name = Frameworks;
			sourceTree = "<group>";
		};
		84E648BF21A6A2BA009302D7 = {
			isa = PBXGroup;
			children = (
				84E648CA21A6A2BA009302D7 /* MMKV */,
				84E648C921A6A2BA009302D7 /* Products */,
				C9EC0FFE3C254738B9873A23 /* Pods */,
				79FBD1027D3A623267D75909 /* Frameworks */,
			);
			sourceTree = "<group>";
		};
		84E648C921A6A2BA009302D7 /* Products */ = {
			isa = PBXGroup;
			children = (
				84E648C821A6A2BA009302D7 /* MMKV.app */,
			);
			name = Products;
			sourceTree = "<group>";
		};
		84E648CA21A6A2BA009302D7 /* MMKV */ = {
			isa = PBXGroup;
			children = (
				84E648CB21A6A2BA009302D7 /* AppDelegate.h */,
				84E648CC21A6A2BA009302D7 /* AppDelegate.m */,
				84E648CE21A6A2BA009302D7 /* ViewController.h */,
				84E648CF21A6A2BA009302D7 /* ViewController.m */,
				84E648D121A6A2BA009302D7 /* Main.storyboard */,
				84E648D421A6A2BB009302D7 /* Assets.xcassets */,
				84E648D621A6A2BB009302D7 /* LaunchScreen.storyboard */,
				84E648D921A6A2BB009302D7 /* Info.plist */,
				84E648DA21A6A2BB009302D7 /* main.m */,
			);
			path = MMKV;
			sourceTree = "<group>";
		};
		C9EC0FFE3C254738B9873A23 /* Pods */ = {
			isa = PBXGroup;
			children = (
				A253B99062C76E891C4C4F2A /* Pods-MMKV.debug.xcconfig */,
				577305FCC030874155697512 /* Pods-MMKV.release.xcconfig */,
			);
			path = Pods;
			sourceTree = "<group>";
		};
/* End PBXGroup section */

/* Begin PBXNativeTarget section */
		84E648C721A6A2BA009302D7 /* MMKV */ = {
			isa = PBXNativeTarget;
			buildConfigurationList = 84E648DE21A6A2BB009302D7 /* Build configuration list for PBXNativeTarget "MMKV" */;
			buildPhases = (
				2837DEE3413A5A0DB888B1FB /* [CP] Check Pods Manifest.lock */,
				84E648C421A6A2BA009302D7 /* Sources */,
				84E648C521A6A2BA009302D7 /* Frameworks */,
				84E648C621A6A2BA009302D7 /* Resources */,
			);
			buildRules = (
			);
			dependencies = (
			);
			name = MMKV;
			productName = MMKV;
			productReference = 84E648C821A6A2BA009302D7 /* MMKV.app */;
			productType = "com.apple.product-type.application";
		};
/* End PBXNativeTarget section */

/* Begin PBXProject section */
		84E648C021A6A2BA009302D7 /* Project object */ = {
			isa = PBXProject;
			attributes = {
				LastUpgradeCheck = 1010;
				ORGANIZATIONNAME = admin;
				TargetAttributes = {
					84E648C721A6A2BA009302D7 = {
						CreatedOnToolsVersion = 10.1;
					};
				};
			};
			buildConfigurationList = 84E648C321A6A2BA009302D7 /* Build configuration list for PBXProject "MMKV" */;
			compatibilityVersion = "Xcode 9.3";
			developmentRegion = en;
			hasScannedForEncodings = 0;
			knownRegions = (
				en,
				Base,
			);
			mainGroup = 84E648BF21A6A2BA009302D7;
			productRefGroup = 84E648C921A6A2BA009302D7 /* Products */;
			projectDirPath = "";
			projectRoot = "";
			targets = (
				84E648C721A6A2BA009302D7 /* MMKV */,
			);
		};
/* End PBXProject section */

/* Begin PBXResourcesBuildPhase section */
		84E648C621A6A2BA009302D7 /* Resources */ = {
			isa = PBXResourcesBuildPhase;
			buildActionMask = 2147483647;
			files = (
				84E648D821A6A2BB009302D7 /* LaunchScreen.storyboard in Resources */,
				84E648D521A6A2BB009302D7 /* Assets.xcassets in Resources */,
				84E648D321A6A2BA009302D7 /* Main.storyboard in Resources */,
			);
			runOnlyForDeploymentPostprocessing = 0;
		};
/* End PBXResourcesBuildPhase section */

/* Begin PBXShellScriptBuildPhase section */
		2837DEE3413A5A0DB888B1FB /* [CP] Check Pods Manifest.lock */ = {
			isa = PBXShellScriptBuildPhase;
			buildActionMask = 2147483647;
			files = (
			);
			inputFileListPaths = (
			);
			inputPaths = (
				"${PODS_PODFILE_DIR_PATH}/Podfile.lock",
				"${PODS_ROOT}/Manifest.lock",
			);
			name = "[CP] Check Pods Manifest.lock";
			outputFileListPaths = (
			);
			outputPaths = (
				"$(DERIVED_FILE_DIR)/Pods-MMKV-checkManifestLockResult.txt",
			);
			runOnlyForDeploymentPostprocessing = 0;
			shellPath = /bin/sh;
			shellScript = "diff \"${PODS_PODFILE_DIR_PATH}/Podfile.lock\" \"${PODS_ROOT}/Manifest.lock\" > /dev/null\nif [ $? != 0 ] ; then\n    # print error to STDERR\n    echo \"error: The sandbox is not in sync with the Podfile.lock. Run 'pod install' or update your CocoaPods installation.\" >&2\n    exit 1\nfi\n# This output is used by Xcode 'outputs' to avoid re-running this script phase.\necho \"SUCCESS\" > \"${SCRIPT_OUTPUT_FILE_0}\"\n";
			showEnvVarsInLog = 0;
		};
/* End PBXShellScriptBuildPhase section */

/* Begin PBXSourcesBuildPhase section */
		84E648C421A6A2BA009302D7 /* Sources */ = {
			isa = PBXSourcesBuildPhase;
			buildActionMask = 2147483647;
			files = (
				84E648D021A6A2BA009302D7 /* ViewController.m in Sources */,
				84E648DB21A6A2BB009302D7 /* main.m in Sources */,
				84E648CD21A6A2BA009302D7 /* AppDelegate.m in Sources */,
			);
			runOnlyForDeploymentPostprocessing = 0;
		};
/* End PBXSourcesBuildPhase section */

/* Begin PBXVariantGroup section */
		84E648D121A6A2BA009302D7 /* Main.storyboard */ = {
			isa = PBXVariantGroup;
			children = (
				84E648D221A6A2BA009302D7 /* Base */,
			);
			name = Main.storyboard;
			sourceTree = "<group>";
		};
		84E648D621A6A2BB009302D7 /* LaunchScreen.storyboard */ = {
			isa = PBXVariantGroup;
			children = (
				84E648D721A6A2BB009302D7 /* Base */,
			);
			name = LaunchScreen.storyboard;
			sourceTree = "<group>";
		};
/* End PBXVariantGroup section */

/* Begin XCBuildConfiguration section */
		84E648DC21A6A2BB009302D7 /* Debug */ = {
			isa = XCBuildConfiguration;
			buildSettings = {
				ALWAYS_SEARCH_USER_PATHS = NO;
				CLANG_ANALYZER_NONNULL = YES;
				CLANG_ANALYZER_NUMBER_OBJECT_CONVERSION = YES_AGGRESSIVE;
				CLANG_CXX_LANGUAGE_STANDARD = "gnu++14";
				CLANG_CXX_LIBRARY = "libc++";
				CLANG_ENABLE_MODULES = YES;
				CLANG_ENABLE_OBJC_ARC = YES;
				CLANG_ENABLE_OBJC_WEAK = YES;
				CLANG_WARN_BLOCK_CAPTURE_AUTORELEASING = YES;
				CLANG_WARN_BOOL_CONVERSION = YES;
				CLANG_WARN_COMMA = YES;
				CLANG_WARN_CONSTANT_CONVERSION = YES;
				CLANG_WARN_DEPRECATED_OBJC_IMPLEMENTATIONS = YES;
				CLANG_WARN_DIRECT_OBJC_ISA_USAGE = YES_ERROR;
				CLANG_WARN_DOCUMENTATION_COMMENTS = YES;
				CLANG_WARN_EMPTY_BODY = YES;
				CLANG_WARN_ENUM_CONVERSION = YES;
				CLANG_WARN_INFINITE_RECURSION = YES;
				CLANG_WARN_INT_CONVERSION = YES;
				CLANG_WARN_NON_LITERAL_NULL_CONVERSION = YES;
				CLANG_WARN_OBJC_IMPLICIT_RETAIN_SELF = YES;
				CLANG_WARN_OBJC_LITERAL_CONVERSION = YES;
				CLANG_WARN_OBJC_ROOT_CLASS = YES_ERROR;
				CLANG_WARN_RANGE_LOOP_ANALYSIS = YES;
				CLANG_WARN_STRICT_PROTOTYPES = YES;
				CLANG_WARN_SUSPICIOUS_MOVE = YES;
				CLANG_WARN_UNGUARDED_AVAILABILITY = YES_AGGRESSIVE;
				CLANG_WARN_UNREACHABLE_CODE = YES;
				CLANG_WARN__DUPLICATE_METHOD_MATCH = YES;
				CODE_SIGN_IDENTITY = "iPhone Developer";
				COPY_PHASE_STRIP = NO;
				DEBUG_INFORMATION_FORMAT = dwarf;
				ENABLE_STRICT_OBJC_MSGSEND = YES;
				ENABLE_TESTABILITY = YES;
				GCC_C_LANGUAGE_STANDARD = gnu11;
				GCC_DYNAMIC_NO_PIC = NO;
				GCC_NO_COMMON_BLOCKS = YES;
				GCC_OPTIMIZATION_LEVEL = 0;
				GCC_PREPROCESSOR_DEFINITIONS = (
					"DEBUG=1",
					"$(inherited)",
				);
				GCC_WARN_64_TO_32_BIT_CONVERSION = YES;
				GCC_WARN_ABOUT_RETURN_TYPE = YES_ERROR;
				GCC_WARN_UNDECLARED_SELECTOR = YES;
				GCC_WARN_UNINITIALIZED_AUTOS = YES_AGGRESSIVE;
				GCC_WARN_UNUSED_FUNCTION = YES;
				GCC_WARN_UNUSED_VARIABLE = YES;
				IPHONEOS_DEPLOYMENT_TARGET = 12.1;
				MTL_ENABLE_DEBUG_INFO = INCLUDE_SOURCE;
				MTL_FAST_MATH = YES;
				ONLY_ACTIVE_ARCH = YES;
				SDKROOT = iphoneos;
			};
			name = Debug;
		};
		84E648DD21A6A2BB009302D7 /* Release */ = {
			isa = XCBuildConfiguration;
			buildSettings = {
				ALWAYS_SEARCH_USER_PATHS = NO;
				CLANG_ANALYZER_NONNULL = YES;
				CLANG_ANALYZER_NUMBER_OBJECT_CONVERSION = YES_AGGRESSIVE;
				CLANG_CXX_LANGUAGE_STANDARD = "gnu++14";
				CLANG_CXX_LIBRARY = "libc++";
				CLANG_ENABLE_MODULES = YES;
				CLANG_ENABLE_OBJC_ARC = YES;
				CLANG_ENABLE_OBJC_WEAK = YES;
				CLANG_WARN_BLOCK_CAPTURE_AUTORELEASING = YES;
				CLANG_WARN_BOOL_CONVERSION = YES;
				CLANG_WARN_COMMA = YES;
				CLANG_WARN_CONSTANT_CONVERSION = YES;
				CLANG_WARN_DEPRECATED_OBJC_IMPLEMENTATIONS = YES;
				CLANG_WARN_DIRECT_OBJC_ISA_USAGE = YES_ERROR;
				CLANG_WARN_DOCUMENTATION_COMMENTS = YES;
				CLANG_WARN_EMPTY_BODY = YES;
				CLANG_WARN_ENUM_CONVERSION = YES;
				CLANG_WARN_INFINITE_RECURSION = YES;
				CLANG_WARN_INT_CONVERSION = YES;
				CLANG_WARN_NON_LITERAL_NULL_CONVERSION = YES;
				CLANG_WARN_OBJC_IMPLICIT_RETAIN_SELF = YES;
				CLANG_WARN_OBJC_LITERAL_CONVERSION = YES;
				CLANG_WARN_OBJC_ROOT_CLASS = YES_ERROR;
				CLANG_WARN_RANGE_LOOP_ANALYSIS = YES;
				CLANG_WARN_STRICT_PROTOTYPES = YES;
				CLANG_WARN_SUSPICIOUS_MOVE = YES;
				CLANG_WARN_UNGUARDED_AVAILABILITY = YES_AGGRESSIVE;
				CLANG_WARN_UNREACHABLE_CODE = YES;
				CLANG_WARN__DUPLICATE_METHOD_MATCH = YES;
				CODE_SIGN_IDENTITY = "iPhone Developer";
				COPY_PHASE_STRIP = NO;
				DEBUG_INFORMATION_FORMAT = "dwarf-with-dsym";
				ENABLE_NS_ASSERTIONS = NO;
				ENABLE_STRICT_OBJC_MSGSEND = YES;
				GCC_C_LANGUAGE_STANDARD = gnu11;
				GCC_NO_COMMON_BLOCKS = YES;
				GCC_WARN_64_TO_32_BIT_CONVERSION = YES;
				GCC_WARN_ABOUT_RETURN_TYPE = YES_ERROR;
				GCC_WARN_UNDECLARED_SELECTOR = YES;
				GCC_WARN_UNINITIALIZED_AUTOS = YES_AGGRESSIVE;
				GCC_WARN_UNUSED_FUNCTION = YES;
				GCC_WARN_UNUSED_VARIABLE = YES;
				IPHONEOS_DEPLOYMENT_TARGET = 12.1;
				MTL_ENABLE_DEBUG_INFO = NO;
				MTL_FAST_MATH = YES;
				SDKROOT = iphoneos;
				VALIDATE_PRODUCT = YES;
			};
			name = Release;
		};
		84E648DF21A6A2BB009302D7 /* Debug */ = {
			isa = XCBuildConfiguration;
			baseConfigurationReference = A253B99062C76E891C4C4F2A /* Pods-MMKV.debug.xcconfig */;
			buildSettings = {
				ASSETCATALOG_COMPILER_APPICON_NAME = AppIcon;
				CODE_SIGN_STYLE = Automatic;
				DEVELOPMENT_TEAM = 22MKG4BGTP;
				INFOPLIST_FILE = MMKV/Info.plist;
				IPHONEOS_DEPLOYMENT_TARGET = 11.3;
				LD_RUNPATH_SEARCH_PATHS = (
					"$(inherited)",
					"@executable_path/Frameworks",
				);
				PRODUCT_BUNDLE_IDENTIFIER = gsss.MMKV;
				PRODUCT_NAME = "$(TARGET_NAME)";
				TARGETED_DEVICE_FAMILY = "1,2";
			};
			name = Debug;
		};
		84E648E021A6A2BB009302D7 /* Release */ = {
			isa = XCBuildConfiguration;
			baseConfigurationReference = 577305FCC030874155697512 /* Pods-MMKV.release.xcconfig */;
			buildSettings = {
				ASSETCATALOG_COMPILER_APPICON_NAME = AppIcon;
				CODE_SIGN_STYLE = Automatic;
				DEVELOPMENT_TEAM = 22MKG4BGTP;
				INFOPLIST_FILE = MMKV/Info.plist;
				IPHONEOS_DEPLOYMENT_TARGET = 11.3;
				LD_RUNPATH_SEARCH_PATHS = (
					"$(inherited)",
					"@executable_path/Frameworks",
				);
				PRODUCT_BUNDLE_IDENTIFIER = gsss.MMKV;
				PRODUCT_NAME = "$(TARGET_NAME)";
				TARGETED_DEVICE_FAMILY = "1,2";
			};
			name = Release;
		};
/* End XCBuildConfiguration section */

/* Begin XCConfigurationList section */
		84E648C321A6A2BA009302D7 /* Build configuration list for PBXProject "MMKV" */ = {
			isa = XCConfigurationList;
			buildConfigurations = (
				84E648DC21A6A2BB009302D7 /* Debug */,
				84E648DD21A6A2BB009302D7 /* Release */,
			);
			defaultConfigurationIsVisible = 0;
			defaultConfigurationName = Release;
		};
		84E648DE21A6A2BB009302D7 /* Build configuration list for PBXNativeTarget "MMKV" */ = {
			isa = XCConfigurationList;
			buildConfigurations = (
				84E648DF21A6A2BB009302D7 /* Debug */,
				84E648E021A6A2BB009302D7 /* Release */,
			);
			defaultConfigurationIsVisible = 0;
			defaultConfigurationName = Release;
		};
/* End XCConfigurationList section */
	};
	rootObject = 84E648C021A6A2BA009302D7 /* Project object */;
}
