PODS:
  - ReactiveObjC (3.0.0)

DEPENDENCIES:
  - ReactiveObjC (~> 3.0.0)

SPEC REPOS:
  https://github.com/cocoapods/specs.git:
    - ReactiveObjC

SPEC CHECKSUMS:
  ReactiveObjC: ce79989e8684b9086b5f8d0c74bc7b81a8729c9e

PODFILE CHECKSUM: 391e610e83331a5eeed98a26058166410e2bb7a4

COCOAPODS: 1.5.3
